
Microsoft Visual Studio Solution File, Format Version 12.00
# Visual Studio Version 17
VisualStudioVersion = 17.9.34616.47
MinimumVisualStudioVersion = 10.0.40219.1
Project("{FAE04EC0-301F-11D3-BF4B-00C04F79EFBC}") = "Tarea_ATM_Grupo1_POO", "Tarea_ATM_Grupo1_POO\Tarea_ATM_Grupo1_POO.csproj", "{B414CB1E-BF01-43DE-B694-DAE44A6D3317}"
EndProject
Global
	GlobalSection(SolutionConfigurationPlatforms) = preSolution
		Debug|Any CPU = Debug|Any CPU
		Release|Any CPU = Release|Any CPU
	EndGlobalSection
	GlobalSection(ProjectConfigurationPlatforms) = postSolution
		{B414CB1E-BF01-43DE-B694-DAE44A6D3317}.Debug|Any CPU.ActiveCfg = Debug|Any CPU
		{B414CB1E-BF01-43DE-B694-DAE44A6D3317}.Debug|Any CPU.Build.0 = Debug|Any CPU
		{B414CB1E-BF01-43DE-B694-DAE44A6D3317}.Release|Any CPU.ActiveCfg = Release|Any CPU
		{B414CB1E-BF01-43DE-B694-DAE44A6D3317}.Release|Any CPU.Build.0 = Release|Any CPU
	EndGlobalSection
	GlobalSection(SolutionProperties) = preSolution
		HideSolutionNode = FALSE
	EndGlobalSection
	GlobalSection(ExtensibilityGlobals) = postSolution
		SolutionGuid = {1851D6C4-7F08-43A7-89C6-CA94BB368C3A}
	EndGlobalSection
EndGlobal
